github.com/tdewolff/minify/v2 v2.23.3 h1:ukamplWSwuuklnW8gLSvY+nvU+0lCRrRcZNoeHjhKng=
github.com/tdewolff/minify/v2 v2.23.3/go.mod h1:RkUGjklq6uIsBoOdzY3ll35HKKQ2aFqLQhnanBHhDyU=
github.com/tdewolff/parse/v2 v2.7.23 h1:sCW2PNTCM1yVldh5YK/8wrpRI9rSbloUZWjAydlN2IA=
github.com/tdewolff/parse/v2 v2.7.23/go.mod h1:I7TXO37t3aSG9SlPUBefAhgIF8nt7yYUwVGgETIoBcA=
github.com/tdewolff/test v1.0.11 h1:FdLbwQVHxqG16SlkGveC0JVyrJN62COWTRyUFzfbtBE=
github.com/tdewolff/test v1.0.11/go.mod h1:XPuWBzvdUzhCuxWO1ojpXsyzsA5bFoS3tO/Q3kFuTG8=
github.com/yuin/goldmark v1.7.11 h1:ZCxLyDMtz0nT2HFfsYG8WZ47Trip2+JyLysKcMYE5bo=
github.com/yuin/goldmark v1.7.11/go.mod h1:ip/1k0VRfGynBgxOz0yCqHrbZXhcjxyuS66Brc7iBKg=
